
Microsoft Visual Studio Solution File, Format Version 12.00
# Visual Studio 15
VisualStudioVersion = 15.0.27130.2010
MinimumVisualStudioVersion = 10.0.40219.1
Project("{FAE04EC0-301F-11D3-BF4B-00C04F79EFBC}") = "GridSection", "GridSection.csproj", "{0B76F4AB-DA66-4B15-9803-C31598120BE6}"
EndProject
Project("{FAE04EC0-301F-11D3-BF4B-00C04F79EFBC}") = "GridSection.Demo", "..\GridSection.Demo\GridSection.Demo.csproj", "{B3A60204-34F4-49C3-AA21-25C177953B20}"
EndProject
Global
	GlobalSection(SolutionConfigurationPlatforms) = preSolution
		Debug|Any CPU = Debug|Any CPU
		Release|Any CPU = Release|Any CPU
	EndGlobalSection
	GlobalSection(ProjectConfigurationPlatforms) = postSolution
		{0B76F4AB-DA66-4B15-9803-C31598120BE6}.Debug|Any CPU.ActiveCfg = Debug|Any CPU
		{0B76F4AB-DA66-4B15-9803-C31598120BE6}.Debug|Any CPU.Build.0 = Debug|Any CPU
		{0B76F4AB-DA66-4B15-9803-C31598120BE6}.Release|Any CPU.ActiveCfg = Release|Any CPU
		{0B76F4AB-DA66-4B15-9803-C31598120BE6}.Release|Any CPU.Build.0 = Release|Any CPU
		{B3A60204-34F4-49C3-AA21-25C177953B20}.Debug|Any CPU.ActiveCfg = Debug|Any CPU
		{B3A60204-34F4-49C3-AA21-25C177953B20}.Debug|Any CPU.Build.0 = Debug|Any CPU
		{B3A60204-34F4-49C3-AA21-25C177953B20}.Release|Any CPU.ActiveCfg = Release|Any CPU
		{B3A60204-34F4-49C3-AA21-25C177953B20}.Release|Any CPU.Build.0 = Release|Any CPU
	EndGlobalSection
	GlobalSection(SolutionProperties) = preSolution
		HideSolutionNode = FALSE
	EndGlobalSection
	GlobalSection(ExtensibilityGlobals) = postSolution
		SolutionGuid = {F2513448-6579-4093-AC47-46B8BC4E0DFD}
	EndGlobalSection
EndGlobal
